
Microsoft Visual Studio Solution File, Format Version 12.00
# Visual Studio Version 17
VisualStudioVersion = 17.11.35327.3
MinimumVisualStudioVersion = 10.0.40219.1
Project("{FAE04EC0-301F-11D3-BF4B-00C04F79EFBC}") = "Examen2-Alejandro", "Examen2-Alejandro\Examen2-Alejandro.csproj", "{505B4D35-1295-4EF7-A0C5-F442FC45B2C1}"
EndProject
Global
	GlobalSection(SolutionConfigurationPlatforms) = preSolution
		Debug|Any CPU = Debug|Any CPU
		Release|Any CPU = Release|Any CPU
	EndGlobalSection
	GlobalSection(ProjectConfigurationPlatforms) = postSolution
		{505B4D35-1295-4EF7-A0C5-F442FC45B2C1}.Debug|Any CPU.ActiveCfg = Debug|Any CPU
		{505B4D35-1295-4EF7-A0C5-F442FC45B2C1}.Debug|Any CPU.Build.0 = Debug|Any CPU
		{505B4D35-1295-4EF7-A0C5-F442FC45B2C1}.Release|Any CPU.ActiveCfg = Release|Any CPU
		{505B4D35-1295-4EF7-A0C5-F442FC45B2C1}.Release|Any CPU.Build.0 = Release|Any CPU
	EndGlobalSection
	GlobalSection(SolutionProperties) = preSolution
		HideSolutionNode = FALSE
	EndGlobalSection
	GlobalSection(ExtensibilityGlobals) = postSolution
		SolutionGuid = {F59EB68C-D511-4FE9-B0F3-BCCEFD209CF4}
	EndGlobalSection
EndGlobal
